// !$*UTF8*$!
{
	archiveVersion = 1;
	classes = {
	};
	objectVersion = 50;
	objects = {

/* Begin PBXBuildFile section */
		4001412522D482DC002CE5B9 /* AppDelegate.swift in Sources */ = {isa = PBXBuildFile; fileRef = 4001412422D482DC002CE5B9 /* AppDelegate.swift */; };
		4001412722D482DC002CE5B9 /* WebViewController.swift in Sources */ = {isa = PBXBuildFile; fileRef = 4001412622D482DC002CE5B9 /* WebViewController.swift */; };
		4001412A22D482DC002CE5B9 /* Main.storyboard in Resources */ = {isa = PBXBuildFile; fileRef = 4001412822D482DC002CE5B9 /* Main.storyboard */; };
		4001412C22D482DF002CE5B9 /* Assets.xcassets in Resources */ = {isa = PBXBuildFile; fileRef = 4001412B22D482DF002CE5B9 /* Assets.xcassets */; };
		4001412F22D482DF002CE5B9 /* LaunchScreen.storyboard in Resources */ = {isa = PBXBuildFile; fileRef = 4001412D22D482DF002CE5B9 /* LaunchScreen.storyboard */; };
		4001413922D48810002CE5B9 /* darkmode.min.js in Resources */ = {isa = PBXBuildFile; fileRef = 4001413622D48810002CE5B9 /* darkmode.min.js */; };
		4001413A22D48810002CE5B9 /* darkmode.html in Resources */ = {isa = PBXBuildFile; fileRef = 4001413722D48810002CE5B9 /* darkmode.html */; };
		4001413B22D48810002CE5B9 /* UIView+Autolayout.swift in Sources */ = {isa = PBXBuildFile; fileRef = 4001413822D48810002CE5B9 /* UIView+Autolayout.swift */; };
		4001413D22D48827002CE5B9 /* demo.html in Resources */ = {isa = PBXBuildFile; fileRef = 4001413C22D48827002CE5B9 /* demo.html */; };
		4001413F22D48A00002CE5B9 /* darkmode-options.js in Resources */ = {isa = PBXBuildFile; fileRef = 4001413E22D48A00002CE5B9 /* darkmode-options.js */; };
/* End PBXBuildFile section */

/* Begin PBXFileReference section */
		4001412122D482DC002CE5B9 /* DarkModeWebView.app */ = {isa = PBXFileReference; explicitFileType = wrapper.application; includeInIndex = 0; path = DarkModeWebView.app; sourceTree = BUILT_PRODUCTS_DIR; };
		4001412422D482DC002CE5B9 /* AppDelegate.swift */ = {isa = PBXFileReference; lastKnownFileType = sourcecode.swift; path = AppDelegate.swift; sourceTree = "<group>"; };
		4001412622D482DC002CE5B9 /* WebViewController.swift */ = {isa = PBXFileReference; lastKnownFileType = sourcecode.swift; path = WebViewController.swift; sourceTree = "<group>"; };
		4001412922D482DC002CE5B9 /* Base */ = {isa = PBXFileReference; lastKnownFileType = file.storyboard; name = Base; path = Base.lproj/Main.storyboard; sourceTree = "<group>"; };
		4001412B22D482DF002CE5B9 /* Assets.xcassets */ = {isa = PBXFileReference; lastKnownFileType = folder.assetcatalog; path = Assets.xcassets; sourceTree = "<group>"; };
		4001412E22D482DF002CE5B9 /* Base */ = {isa = PBXFileReference; lastKnownFileType = file.storyboard; name = Base; path = Base.lproj/LaunchScreen.storyboard; sourceTree = "<group>"; };
		4001413022D482DF002CE5B9 /* Info.plist */ = {isa = PBXFileReference; lastKnownFileType = text.plist.xml; path = Info.plist; sourceTree = "<group>"; };
		4001413622D48810002CE5B9 /* darkmode.min.js */ = {isa = PBXFileReference; fileEncoding = 4; lastKnownFileType = sourcecode.javascript; path = darkmode.min.js; sourceTree = "<group>"; };
		4001413722D48810002CE5B9 /* darkmode.html */ = {isa = PBXFileReference; fileEncoding = 4; lastKnownFileType = text.html; path = darkmode.html; sourceTree = "<group>"; };
		4001413822D48810002CE5B9 /* UIView+Autolayout.swift */ = {isa = PBXFileReference; fileEncoding = 4; lastKnownFileType = sourcecode.swift; path = "UIView+Autolayout.swift"; sourceTree = "<group>"; };
		4001413C22D48827002CE5B9 /* demo.html */ = {isa = PBXFileReference; lastKnownFileType = text.html; path = demo.html; sourceTree = "<group>"; };
		4001413E22D48A00002CE5B9 /* darkmode-options.js */ = {isa = PBXFileReference; lastKnownFileType = sourcecode.javascript; path = "darkmode-options.js"; sourceTree = "<group>"; };
/* End PBXFileReference section */

/* Begin PBXFrameworksBuildPhase section */
		4001411E22D482DC002CE5B9 /* Frameworks */ = {
			isa = PBXFrameworksBuildPhase;
			buildActionMask = 2147483647;
			files = (
			);
			runOnlyForDeploymentPostprocessing = 0;
		};
/* End PBXFrameworksBuildPhase section */

/* Begin PBXGroup section */
		4001411822D482DB002CE5B9 = {
			isa = PBXGroup;
			children = (
				4001412322D482DC002CE5B9 /* DarkModeWebView */,
				4001412222D482DC002CE5B9 /* Products */,
			);
			sourceTree = "<group>";
		};
		4001412222D482DC002CE5B9 /* Products */ = {
			isa = PBXGroup;
			children = (
				4001412122D482DC002CE5B9 /* DarkModeWebView.app */,
			);
			name = Products;
			sourceTree = "<group>";
		};
		4001412322D482DC002CE5B9 /* DarkModeWebView */ = {
			isa = PBXGroup;
			children = (
				4001412422D482DC002CE5B9 /* AppDelegate.swift */,
				4001412622D482DC002CE5B9 /* WebViewController.swift */,
				4001413822D48810002CE5B9 /* UIView+Autolayout.swift */,
				4001413722D48810002CE5B9 /* darkmode.html */,
				4001413C22D48827002CE5B9 /* demo.html */,
				4001413622D48810002CE5B9 /* darkmode.min.js */,
				4001413E22D48A00002CE5B9 /* darkmode-options.js */,
				4001412822D482DC002CE5B9 /* Main.storyboard */,
				4001412B22D482DF002CE5B9 /* Assets.xcassets */,
				4001412D22D482DF002CE5B9 /* LaunchScreen.storyboard */,
				4001413022D482DF002CE5B9 /* Info.plist */,
			);
			path = DarkModeWebView;
			sourceTree = "<group>";
		};
/* End PBXGroup section */

/* Begin PBXNativeTarget section */
		4001412022D482DC002CE5B9 /* DarkModeWebView */ = {
			isa = PBXNativeTarget;
			buildConfigurationList = 4001413322D482DF002CE5B9 /* Build configuration list for PBXNativeTarget "DarkModeWebView" */;
			buildPhases = (
				4001411D22D482DC002CE5B9 /* Sources */,
				4001411E22D482DC002CE5B9 /* Frameworks */,
				4001411F22D482DC002CE5B9 /* Resources */,
			);
			buildRules = (
			);
			dependencies = (
			);
			name = DarkModeWebView;
			productName = DarkModeWebView;
			productReference = 4001412122D482DC002CE5B9 /* DarkModeWebView.app */;
			productType = "com.apple.product-type.application";
		};
/* End PBXNativeTarget section */

/* Begin PBXProject section */
		4001411922D482DB002CE5B9 /* Project object */ = {
			isa = PBXProject;
			attributes = {
				LastSwiftUpdateCheck = 1020;
				LastUpgradeCheck = 1020;
				ORGANIZATIONNAME = "Cristian Ghinea";
				TargetAttributes = {
					4001412022D482DC002CE5B9 = {
						CreatedOnToolsVersion = 10.2;
					};
				};
			};
			buildConfigurationList = 4001411C22D482DB002CE5B9 /* Build configuration list for PBXProject "DarkModeWebView" */;
			compatibilityVersion = "Xcode 9.3";
			developmentRegion = en;
			hasScannedForEncodings = 0;
			knownRegions = (
				en,
				Base,
			);
			mainGroup = 4001411822D482DB002CE5B9;
			productRefGroup = 4001412222D482DC002CE5B9 /* Products */;
			projectDirPath = "";
			projectRoot = "";
			targets = (
				4001412022D482DC002CE5B9 /* DarkModeWebView */,
			);
		};
/* End PBXProject section */

/* Begin PBXResourcesBuildPhase section */
		4001411F22D482DC002CE5B9 /* Resources */ = {
			isa = PBXResourcesBuildPhase;
			buildActionMask = 2147483647;
			files = (
				4001412F22D482DF002CE5B9 /* LaunchScreen.storyboard in Resources */,
				4001413D22D48827002CE5B9 /* demo.html in Resources */,
				4001413A22D48810002CE5B9 /* darkmode.html in Resources */,
				4001412C22D482DF002CE5B9 /* Assets.xcassets in Resources */,
				4001412A22D482DC002CE5B9 /* Main.storyboard in Resources */,
				4001413922D48810002CE5B9 /* darkmode.min.js in Resources */,
				4001413F22D48A00002CE5B9 /* darkmode-options.js in Resources */,
			);
			runOnlyForDeploymentPostprocessing = 0;
		};
/* End PBXResourcesBuildPhase section */

/* Begin PBXSourcesBuildPhase section */
		4001411D22D482DC002CE5B9 /* Sources */ = {
			isa = PBXSourcesBuildPhase;
			buildActionMask = 2147483647;
			files = (
				4001412722D482DC002CE5B9 /* WebViewController.swift in Sources */,
				4001413B22D48810002CE5B9 /* UIView+Autolayout.swift in Sources */,
				4001412522D482DC002CE5B9 /* AppDelegate.swift in Sources */,
			);
			runOnlyForDeploymentPostprocessing = 0;
		};
/* End PBXSourcesBuildPhase section */

/* Begin PBXVariantGroup section */
		4001412822D482DC002CE5B9 /* Main.storyboard */ = {
			isa = PBXVariantGroup;
			children = (
				4001412922D482DC002CE5B9 /* Base */,
			);
			name = Main.storyboard;
			sourceTree = "<group>";
		};
		4001412D22D482DF002CE5B9 /* LaunchScreen.storyboard */ = {
			isa = PBXVariantGroup;
			children = (
				4001412E22D482DF002CE5B9 /* Base */,
			);
			name = LaunchScreen.storyboard;
			sourceTree = "<group>";
		};
/* End PBXVariantGroup section */

/* Begin XCBuildConfiguration section */
		4001413122D482DF002CE5B9 /* Debug */ = {
			isa = XCBuildConfiguration;
			buildSettings = {
				ALWAYS_SEARCH_USER_PATHS = NO;
				CLANG_ANALYZER_NONNULL = YES;
				CLANG_ANALYZER_NUMBER_OBJECT_CONVERSION = YES_AGGRESSIVE;
				CLANG_CXX_LANGUAGE_STANDARD = "gnu++14";
				CLANG_CXX_LIBRARY = "libc++";
				CLANG_ENABLE_MODULES = YES;
				CLANG_ENABLE_OBJC_ARC = YES;
				CLANG_ENABLE_OBJC_WEAK = YES;
				CLANG_WARN_BLOCK_CAPTURE_AUTORELEASING = YES;
				CLANG_WARN_BOOL_CONVERSION = YES;
				CLANG_WARN_COMMA = YES;
				CLANG_WARN_CONSTANT_CONVERSION = YES;
				CLANG_WARN_DEPRECATED_OBJC_IMPLEMENTATIONS = YES;
				CLANG_WARN_DIRECT_OBJC_ISA_USAGE = YES_ERROR;
				CLANG_WARN_DOCUMENTATION_COMMENTS = YES;
				CLANG_WARN_EMPTY_BODY = YES;
				CLANG_WARN_ENUM_CONVERSION = YES;
				CLANG_WARN_INFINITE_RECURSION = YES;
				CLANG_WARN_INT_CONVERSION = YES;
				CLANG_WARN_NON_LITERAL_NULL_CONVERSION = YES;
				CLANG_WARN_OBJC_IMPLICIT_RETAIN_SELF = YES;
				CLANG_WARN_OBJC_LITERAL_CONVERSION = YES;
				CLANG_WARN_OBJC_ROOT_CLASS = YES_ERROR;
				CLANG_WARN_RANGE_LOOP_ANALYSIS = YES;
				CLANG_WARN_STRICT_PROTOTYPES = YES;
				CLANG_WARN_SUSPICIOUS_MOVE = YES;
				CLANG_WARN_UNGUARDED_AVAILABILITY = YES_AGGRESSIVE;
				CLANG_WARN_UNREACHABLE_CODE = YES;
				CLANG_WARN__DUPLICATE_METHOD_MATCH = YES;
				CODE_SIGN_IDENTITY = "iPhone Developer";
				COPY_PHASE_STRIP = NO;
				DEBUG_INFORMATION_FORMAT = dwarf;
				ENABLE_STRICT_OBJC_MSGSEND = YES;
				ENABLE_TESTABILITY = YES;
				GCC_C_LANGUAGE_STANDARD = gnu11;
				GCC_DYNAMIC_NO_PIC = NO;
				GCC_NO_COMMON_BLOCKS = YES;
				GCC_OPTIMIZATION_LEVEL = 0;
				GCC_PREPROCESSOR_DEFINITIONS = (
					"DEBUG=1",
					"$(inherited)",
				);
				GCC_WARN_64_TO_32_BIT_CONVERSION = YES;
				GCC_WARN_ABOUT_RETURN_TYPE = YES_ERROR;
				GCC_WARN_UNDECLARED_SELECTOR = YES;
				GCC_WARN_UNINITIALIZED_AUTOS = YES_AGGRESSIVE;
				GCC_WARN_UNUSED_FUNCTION = YES;
				GCC_WARN_UNUSED_VARIABLE = YES;
				IPHONEOS_DEPLOYMENT_TARGET = 12.2;
				MTL_ENABLE_DEBUG_INFO = INCLUDE_SOURCE;
				MTL_FAST_MATH = YES;
				ONLY_ACTIVE_ARCH = YES;
				SDKROOT = iphoneos;
				SWIFT_ACTIVE_COMPILATION_CONDITIONS = DEBUG;
				SWIFT_OPTIMIZATION_LEVEL = "-Onone";
			};
			name = Debug;
		};
		4001413222D482DF002CE5B9 /* Release */ = {
			isa = XCBuildConfiguration;
			buildSettings = {
				ALWAYS_SEARCH_USER_PATHS = NO;
				CLANG_ANALYZER_NONNULL = YES;
				CLANG_ANALYZER_NUMBER_OBJECT_CONVERSION = YES_AGGRESSIVE;
				CLANG_CXX_LANGUAGE_STANDARD = "gnu++14";
				CLANG_CXX_LIBRARY = "libc++";
				CLANG_ENABLE_MODULES = YES;
				CLANG_ENABLE_OBJC_ARC = YES;
				CLANG_ENABLE_OBJC_WEAK = YES;
				CLANG_WARN_BLOCK_CAPTURE_AUTORELEASING = YES;
				CLANG_WARN_BOOL_CONVERSION = YES;
				CLANG_WARN_COMMA = YES;
				CLANG_WARN_CONSTANT_CONVERSION = YES;
				CLANG_WARN_DEPRECATED_OBJC_IMPLEMENTATIONS = YES;
				CLANG_WARN_DIRECT_OBJC_ISA_USAGE = YES_ERROR;
				CLANG_WARN_DOCUMENTATION_COMMENTS = YES;
				CLANG_WARN_EMPTY_BODY = YES;
				CLANG_WARN_ENUM_CONVERSION = YES;
				CLANG_WARN_INFINITE_RECURSION = YES;
				CLANG_WARN_INT_CONVERSION = YES;
				CLANG_WARN_NON_LITERAL_NULL_CONVERSION = YES;
				CLANG_WARN_OBJC_IMPLICIT_RETAIN_SELF = YES;
				CLANG_WARN_OBJC_LITERAL_CONVERSION = YES;
				CLANG_WARN_OBJC_ROOT_CLASS = YES_ERROR;
				CLANG_WARN_RANGE_LOOP_ANALYSIS = YES;
				CLANG_WARN_STRICT_PROTOTYPES = YES;
				CLANG_WARN_SUSPICIOUS_MOVE = YES;
				CLANG_WARN_UNGUARDED_AVAILABILITY = YES_AGGRESSIVE;
				CLANG_WARN_UNREACHABLE_CODE = YES;
				CLANG_WARN__DUPLICATE_METHOD_MATCH = YES;
				CODE_SIGN_IDENTITY = "iPhone Developer";
				COPY_PHASE_STRIP = NO;
				DEBUG_INFORMATION_FORMAT = "dwarf-with-dsym";
				ENABLE_NS_ASSERTIONS = NO;
				ENABLE_STRICT_OBJC_MSGSEND = YES;
				GCC_C_LANGUAGE_STANDARD = gnu11;
				GCC_NO_COMMON_BLOCKS = YES;
				GCC_WARN_64_TO_32_BIT_CONVERSION = YES;
				GCC_WARN_ABOUT_RETURN_TYPE = YES_ERROR;
				GCC_WARN_UNDECLARED_SELECTOR = YES;
				GCC_WARN_UNINITIALIZED_AUTOS = YES_AGGRESSIVE;
				GCC_WARN_UNUSED_FUNCTION = YES;
				GCC_WARN_UNUSED_VARIABLE = YES;
				IPHONEOS_DEPLOYMENT_TARGET = 12.2;
				MTL_ENABLE_DEBUG_INFO = NO;
				MTL_FAST_MATH = YES;
				SDKROOT = iphoneos;
				SWIFT_COMPILATION_MODE = wholemodule;
				SWIFT_OPTIMIZATION_LEVEL = "-O";
				VALIDATE_PRODUCT = YES;
			};
			name = Release;
		};
		4001413422D482DF002CE5B9 /* Debug */ = {
			isa = XCBuildConfiguration;
			buildSettings = {
				ASSETCATALOG_COMPILER_APPICON_NAME = AppIcon;
				CODE_SIGN_STYLE = Automatic;
				DEVELOPMENT_TEAM = N9A3EZJ753;
				INFOPLIST_FILE = DarkModeWebView/Info.plist;
				IPHONEOS_DEPLOYMENT_TARGET = 11.1;
				LD_RUNPATH_SEARCH_PATHS = (
					"$(inherited)",
					"@executable_path/Frameworks",
				);
				PRODUCT_BUNDLE_IDENTIFIER = CG.DarkModeWebView;
				PRODUCT_NAME = "$(TARGET_NAME)";
				SWIFT_VERSION = 5.0;
				TARGETED_DEVICE_FAMILY = "1,2";
			};
			name = Debug;
		};
		4001413522D482DF002CE5B9 /* Release */ = {
			isa = XCBuildConfiguration;
			buildSettings = {
				ASSETCATALOG_COMPILER_APPICON_NAME = AppIcon;
				CODE_SIGN_STYLE = Automatic;
				DEVELOPMENT_TEAM = N9A3EZJ753;
				INFOPLIST_FILE = DarkModeWebView/Info.plist;
				IPHONEOS_DEPLOYMENT_TARGET = 11.1;
				LD_RUNPATH_SEARCH_PATHS = (
					"$(inherited)",
					"@executable_path/Frameworks",
				);
				PRODUCT_BUNDLE_IDENTIFIER = CG.DarkModeWebView;
				PRODUCT_NAME = "$(TARGET_NAME)";
				SWIFT_VERSION = 5.0;
				TARGETED_DEVICE_FAMILY = "1,2";
			};
			name = Release;
		};
/* End XCBuildConfiguration section */

/* Begin XCConfigurationList section */
		4001411C22D482DB002CE5B9 /* Build configuration list for PBXProject "DarkModeWebView" */ = {
			isa = XCConfigurationList;
			buildConfigurations = (
				4001413122D482DF002CE5B9 /* Debug */,
				4001413222D482DF002CE5B9 /* Release */,
			);
			defaultConfigurationIsVisible = 0;
			defaultConfigurationName = Release;
		};
		4001413322D482DF002CE5B9 /* Build configuration list for PBXNativeTarget "DarkModeWebView" */ = {
			isa = XCConfigurationList;
			buildConfigurations = (
				4001413422D482DF002CE5B9 /* Debug */,
				4001413522D482DF002CE5B9 /* Release */,
			);
			defaultConfigurationIsVisible = 0;
			defaultConfigurationName = Release;
		};
/* End XCConfigurationList section */
	};
	rootObject = 4001411922D482DB002CE5B9 /* Project object */;
}
